// !$*UTF8*$!
{
	archiveVersion = 1;
	classes = {
	};
	objectVersion = 46;
	objects = {

/* Begin PBXBuildFile section */
		2E19EF2F1CACFC4000EFA996 /* main.m in Sources */ = {isa = PBXBuildFile; fileRef = 2E19EF2E1CACFC4000EFA996 /* main.m */; };
		2E19EF321CACFC4000EFA996 /* AppDelegate.m in Sources */ = {isa = PBXBuildFile; fileRef = 2E19EF311CACFC4000EFA996 /* AppDelegate.m */; };
		2E19EF3A1CACFC4000EFA996 /* Assets.xcassets in Resources */ = {isa = PBXBuildFile; fileRef = 2E19EF391CACFC4000EFA996 /* Assets.xcassets */; };
		2E19EF3D1CACFC4000EFA996 /* LaunchScreen.storyboard in Resources */ = {isa = PBXBuildFile; fileRef = 2E19EF3B1CACFC4000EFA996 /* LaunchScreen.storyboard */; };
		2E19EF481CACFC4100EFA996 /* HelloNoteTests.m in Sources */ = {isa = PBXBuildFile; fileRef = 2E19EF471CACFC4100EFA996 /* HelloNoteTests.m */; };
		2E19EF531CACFC4100EFA996 /* HelloNoteUITests.m in Sources */ = {isa = PBXBuildFile; fileRef = 2E19EF521CACFC4100EFA996 /* HelloNoteUITests.m */; };
		2E19EF681CACFCDE00EFA996 /* MainViewController.m in Sources */ = {isa = PBXBuildFile; fileRef = 2E19EF671CACFCDE00EFA996 /* MainViewController.m */; };
		2E19EF761CACFDB300EFA996 /* Menu.m in Sources */ = {isa = PBXBuildFile; fileRef = 2E19EF731CACFDB300EFA996 /* Menu.m */; };
		2E19EF771CACFDB300EFA996 /* SignView.m in Sources */ = {isa = PBXBuildFile; fileRef = 2E19EF751CACFDB300EFA996 /* SignView.m */; };
		2E19EF7A1CACFDC700EFA996 /* LoginViewController.m in Sources */ = {isa = PBXBuildFile; fileRef = 2E19EF791CACFDC700EFA996 /* LoginViewController.m */; };
		2E19EF7D1CACFEB000EFA996 /* NavigationController.m in Sources */ = {isa = PBXBuildFile; fileRef = 2E19EF7C1CACFEB000EFA996 /* NavigationController.m */; };
		2E19EF801CAD059400EFA996 /* CenterButton.m in Sources */ = {isa = PBXBuildFile; fileRef = 2E19EF7F1CAD059400EFA996 /* CenterButton.m */; };
		2E19EF831CAD05AC00EFA996 /* NoteManager.m in Sources */ = {isa = PBXBuildFile; fileRef = 2E19EF821CAD05AC00EFA996 /* NoteManager.m */; };
		2E19EF861CAD05CB00EFA996 /* Note.m in Sources */ = {isa = PBXBuildFile; fileRef = 2E19EF851CAD05CB00EFA996 /* Note.m */; };
		2E19EF891CAD3CE400EFA996 /* ComposeViewController.m in Sources */ = {isa = PBXBuildFile; fileRef = 2E19EF881CAD3CE400EFA996 /* ComposeViewController.m */; };
		2E2E6DEF1CB921D600FCCEDA /* CoreDataManager.m in Sources */ = {isa = PBXBuildFile; fileRef = 2E2E6DEE1CB921D600FCCEDA /* CoreDataManager.m */; };
		2E2E6DF21CB9292300FCCEDA /* Model.xcdatamodeld in Sources */ = {isa = PBXBuildFile; fileRef = 2E2E6DF01CB9292300FCCEDA /* Model.xcdatamodeld */; };
		2E2E6E141CB92BE800FCCEDA /* NoteBook+CoreDataProperties.m in Sources */ = {isa = PBXBuildFile; fileRef = 2E2E6E0D1CB92BE800FCCEDA /* NoteBook+CoreDataProperties.m */; };
		2E2E6E151CB92BE800FCCEDA /* NoteBook.m in Sources */ = {isa = PBXBuildFile; fileRef = 2E2E6E0F1CB92BE800FCCEDA /* NoteBook.m */; };
		2E2E6E161CB92BE800FCCEDA /* User+CoreDataProperties.m in Sources */ = {isa = PBXBuildFile; fileRef = 2E2E6E111CB92BE800FCCEDA /* User+CoreDataProperties.m */; };
		2E2E6E171CB92BE800FCCEDA /* User.m in Sources */ = {isa = PBXBuildFile; fileRef = 2E2E6E131CB92BE800FCCEDA /* User.m */; };
		2E826D9B1CC1FDE900ACC86E /* DetailBookVIewController.m in Sources */ = {isa = PBXBuildFile; fileRef = 2E826D9A1CC1FDE900ACC86E /* DetailBookVIewController.m */; };
		2E9606B01CB3D44A00B3AA57 /* NoteCell.m in Sources */ = {isa = PBXBuildFile; fileRef = 2E9606AE1CB3D44A00B3AA57 /* NoteCell.m */; };
		2EBCEB301CAF821D00A6B24C /* MainViewController.m in Sources */ = {isa = PBXBuildFile; fileRef = 2E19EF671CACFCDE00EFA996 /* MainViewController.m */; };
		2EBCEB311CAF822B00A6B24C /* MainViewController.m in Sources */ = {isa = PBXBuildFile; fileRef = 2E19EF671CACFCDE00EFA996 /* MainViewController.m */; };
		2EBCEB321CAF85AA00A6B24C /* CenterButton.m in Sources */ = {isa = PBXBuildFile; fileRef = 2E19EF7F1CAD059400EFA996 /* CenterButton.m */; };
		2EBCEB331CAF85AB00A6B24C /* CenterButton.m in Sources */ = {isa = PBXBuildFile; fileRef = 2E19EF7F1CAD059400EFA996 /* CenterButton.m */; };
		2EBCEB361CAF8CCA00A6B24C /* BookViewController.m in Sources */ = {isa = PBXBuildFile; fileRef = 2EBCEB351CAF8CCA00A6B24C /* BookViewController.m */; };
		2EBCEB391CAF8D9100A6B24C /* SettingViewController.m in Sources */ = {isa = PBXBuildFile; fileRef = 2EBCEB381CAF8D9100A6B24C /* SettingViewController.m */; };
		2EBCEB3C1CAF8DA500A6B24C /* UserViewController.m in Sources */ = {isa = PBXBuildFile; fileRef = 2EBCEB3B1CAF8DA500A6B24C /* UserViewController.m */; };
		2EBCEB3F1CAF8DB100A6B24C /* SearchViewController.m in Sources */ = {isa = PBXBuildFile; fileRef = 2EBCEB3E1CAF8DB100A6B24C /* SearchViewController.m */; };
		2EBCEB421CAF93A300A6B24C /* UserInfo.m in Sources */ = {isa = PBXBuildFile; fileRef = 2EBCEB411CAF93A300A6B24C /* UserInfo.m */; };
		2EBCEB611CB395C400A6B24C /* TableMenu.m in Sources */ = {isa = PBXBuildFile; fileRef = 2EBCEB601CB395C400A6B24C /* TableMenu.m */; };
		C55538856D20A50FDC70D6F2 /* libPods.a in Frameworks */ = {isa = PBXBuildFile; fileRef = BAC3B976E59687E6D40C52EC /* libPods.a */; };
/* End PBXBuildFile section */

/* Begin PBXContainerItemProxy section */
		2E19EF441CACFC4100EFA996 /* PBXContainerItemProxy */ = {
			isa = PBXContainerItemProxy;
			containerPortal = 2E19EF221CACFC4000EFA996 /* Project object */;
			proxyType = 1;
			remoteGlobalIDString = 2E19EF291CACFC4000EFA996;
			remoteInfo = HelloNote;
		};
		2E19EF4F1CACFC4100EFA996 /* PBXContainerItemProxy */ = {
			isa = PBXContainerItemProxy;
			containerPortal = 2E19EF221CACFC4000EFA996 /* Project object */;
			proxyType = 1;
			remoteGlobalIDString = 2E19EF291CACFC4000EFA996;
			remoteInfo = HelloNote;
		};
/* End PBXContainerItemProxy section */

/* Begin PBXFileReference section */
		2E19EF2A1CACFC4000EFA996 /* HelloNote.app */ = {isa = PBXFileReference; explicitFileType = wrapper.application; includeInIndex = 0; path = HelloNote.app; sourceTree = BUILT_PRODUCTS_DIR; };
		2E19EF2E1CACFC4000EFA996 /* main.m */ = {isa = PBXFileReference; lastKnownFileType = sourcecode.c.objc; path = main.m; sourceTree = "<group>"; };
		2E19EF301CACFC4000EFA996 /* AppDelegate.h */ = {isa = PBXFileReference; lastKnownFileType = sourcecode.c.h; path = AppDelegate.h; sourceTree = "<group>"; };
		2E19EF311CACFC4000EFA996 /* AppDelegate.m */ = {isa = PBXFileReference; lastKnownFileType = sourcecode.c.objc; path = AppDelegate.m; sourceTree = "<group>"; };
		2E19EF391CACFC4000EFA996 /* Assets.xcassets */ = {isa = PBXFileReference; lastKnownFileType = folder.assetcatalog; path = Assets.xcassets; sourceTree = "<group>"; };
		2E19EF3C1CACFC4000EFA996 /* Base */ = {isa = PBXFileReference; lastKnownFileType = file.storyboard; name = Base; path = Base.lproj/LaunchScreen.storyboard; sourceTree = "<group>"; };
		2E19EF3E1CACFC4000EFA996 /* Info.plist */ = {isa = PBXFileReference; lastKnownFileType = text.plist.xml; path = Info.plist; sourceTree = "<group>"; };
		2E19EF431CACFC4100EFA996 /* HelloNoteTests.xctest */ = {isa = PBXFileReference; explicitFileType = wrapper.cfbundle; includeInIndex = 0; path = HelloNoteTests.xctest; sourceTree = BUILT_PRODUCTS_DIR; };
		2E19EF471CACFC4100EFA996 /* HelloNoteTests.m */ = {isa = PBXFileReference; lastKnownFileType = sourcecode.c.objc; path = HelloNoteTests.m; sourceTree = "<group>"; };
		2E19EF491CACFC4100EFA996 /* Info.plist */ = {isa = PBXFileReference; lastKnownFileType = text.plist.xml; path = Info.plist; sourceTree = "<group>"; };
		2E19EF4E1CACFC4100EFA996 /* HelloNoteUITests.xctest */ = {isa = PBXFileReference; explicitFileType = wrapper.cfbundle; includeInIndex = 0; path = HelloNoteUITests.xctest; sourceTree = BUILT_PRODUCTS_DIR; };
		2E19EF521CACFC4100EFA996 /* HelloNoteUITests.m */ = {isa = PBXFileReference; lastKnownFileType = sourcecode.c.objc; path = HelloNoteUITests.m; sourceTree = "<group>"; };
		2E19EF541CACFC4100EFA996 /* Info.plist */ = {isa = PBXFileReference; lastKnownFileType = text.plist.xml; path = Info.plist; sourceTree = "<group>"; };
		2E19EF661CACFCDE00EFA996 /* MainViewController.h */ = {isa = PBXFileReference; fileEncoding = 4; lastKnownFileType = sourcecode.c.h; name = MainViewController.h; path = Controller/MainViewController.h; sourceTree = "<group>"; };
		2E19EF671CACFCDE00EFA996 /* MainViewController.m */ = {isa = PBXFileReference; fileEncoding = 4; lastKnownFileType = sourcecode.c.objc; name = MainViewController.m; path = Controller/MainViewController.m; sourceTree = "<group>"; };
		2E19EF721CACFDB300EFA996 /* Menu.h */ = {isa = PBXFileReference; fileEncoding = 4; lastKnownFileType = sourcecode.c.h; name = Menu.h; path = View/Menu.h; sourceTree = "<group>"; };
		2E19EF731CACFDB300EFA996 /* Menu.m */ = {isa = PBXFileReference; fileEncoding = 4; lastKnownFileType = sourcecode.c.objc; name = Menu.m; path = View/Menu.m; sourceTree = "<group>"; };
		2E19EF741CACFDB300EFA996 /* SignView.h */ = {isa = PBXFileReference; fileEncoding = 4; lastKnownFileType = sourcecode.c.h; name = SignView.h; path = View/SignView.h; sourceTree = "<group>"; };
		2E19EF751CACFDB300EFA996 /* SignView.m */ = {isa = PBXFileReference; fileEncoding = 4; lastKnownFileType = sourcecode.c.objc; name = SignView.m; path = View/SignView.m; sourceTree = "<group>"; };
		2E19EF781CACFDC700EFA996 /* LoginViewController.h */ = {isa = PBXFileReference; fileEncoding = 4; lastKnownFileType = sourcecode.c.h; name = LoginViewController.h; path = Controller/LoginViewController.h; sourceTree = "<group>"; };
		2E19EF791CACFDC700EFA996 /* LoginViewController.m */ = {isa = PBXFileReference; fileEncoding = 4; lastKnownFileType = sourcecode.c.objc; name = LoginViewController.m; path = Controller/LoginViewController.m; sourceTree = "<group>"; };
		2E19EF7B1CACFEB000EFA996 /* NavigationController.h */ = {isa = PBXFileReference; fileEncoding = 4; lastKnownFileType = sourcecode.c.h; name = NavigationController.h; path = Controller/NavigationController.h; sourceTree = "<group>"; };
		2E19EF7C1CACFEB000EFA996 /* NavigationController.m */ = {isa = PBXFileReference; fileEncoding = 4; lastKnownFileType = sourcecode.c.objc; name = NavigationController.m; path = Controller/NavigationController.m; sourceTree = "<group>"; };
		2E19EF7E1CAD059400EFA996 /* CenterButton.h */ = {isa = PBXFileReference; fileEncoding = 4; lastKnownFileType = sourcecode.c.h; name = CenterButton.h; path = View/CenterButton.h; sourceTree = "<group>"; };
		2E19EF7F1CAD059400EFA996 /* CenterButton.m */ = {isa = PBXFileReference; fileEncoding = 4; lastKnownFileType = sourcecode.c.objc; name = CenterButton.m; path = View/CenterButton.m; sourceTree = "<group>"; };
		2E19EF811CAD05AC00EFA996 /* NoteManager.h */ = {isa = PBXFileReference; fileEncoding = 4; lastKnownFileType = sourcecode.c.h; name = NoteManager.h; path = Model/NoteManager.h; sourceTree = "<group>"; };
		2E19EF821CAD05AC00EFA996 /* NoteManager.m */ = {isa = PBXFileReference; fileEncoding = 4; lastKnownFileType = sourcecode.c.objc; name = NoteManager.m; path = Model/NoteManager.m; sourceTree = "<group>"; };
		2E19EF841CAD05CB00EFA996 /* Note.h */ = {isa = PBXFileReference; fileEncoding = 4; lastKnownFileType = sourcecode.c.h; name = Note.h; path = Model/Note.h; sourceTree = "<group>"; };
		2E19EF851CAD05CB00EFA996 /* Note.m */ = {isa = PBXFileReference; fileEncoding = 4; lastKnownFileType = sourcecode.c.objc; name = Note.m; path = Model/Note.m; sourceTree = "<group>"; };
		2E19EF871CAD3CE400EFA996 /* ComposeViewController.h */ = {isa = PBXFileReference; fileEncoding = 4; lastKnownFileType = sourcecode.c.h; name = ComposeViewController.h; path = Controller/ComposeViewController.h; sourceTree = "<group>"; };
		2E19EF881CAD3CE400EFA996 /* ComposeViewController.m */ = {isa = PBXFileReference; fileEncoding = 4; lastKnownFileType = sourcecode.c.objc; name = ComposeViewController.m; path = Controller/ComposeViewController.m; sourceTree = "<group>"; };
		2E2E6DED1CB921D600FCCEDA /* CoreDataManager.h */ = {isa = PBXFileReference; fileEncoding = 4; lastKnownFileType = sourcecode.c.h; name = CoreDataManager.h; path = Model/CoreDataManager.h; sourceTree = "<group>"; };
		2E2E6DEE1CB921D600FCCEDA /* CoreDataManager.m */ = {isa = PBXFileReference; fileEncoding = 4; lastKnownFileType = sourcecode.c.objc; name = CoreDataManager.m; path = Model/CoreDataManager.m; sourceTree = "<group>"; };
		2E2E6DF11CB9292300FCCEDA /* Model.xcdatamodel */ = {isa = PBXFileReference; lastKnownFileType = wrapper.xcdatamodel; path = Model.xcdatamodel; sourceTree = "<group>"; };
		2E2E6E0C1CB92BE800FCCEDA /* NoteBook+CoreDataProperties.h */ = {isa = PBXFileReference; fileEncoding = 4; lastKnownFileType = sourcecode.c.h; name = "NoteBook+CoreDataProperties.h"; path = "Model/NoteBook+CoreDataProperties.h"; sourceTree = "<group>"; };
		2E2E6E0D1CB92BE800FCCEDA /* NoteBook+CoreDataProperties.m */ = {isa = PBXFileReference; fileEncoding = 4; lastKnownFileType = sourcecode.c.objc; name = "NoteBook+CoreDataProperties.m"; path = "Model/NoteBook+CoreDataProperties.m"; sourceTree = "<group>"; };
		2E2E6E0E1CB92BE800FCCEDA /* NoteBook.h */ = {isa = PBXFileReference; fileEncoding = 4; lastKnownFileType = sourcecode.c.h; name = NoteBook.h; path = Model/NoteBook.h; sourceTree = "<group>"; };
		2E2E6E0F1CB92BE800FCCEDA /* NoteBook.m */ = {isa = PBXFileReference; fileEncoding = 4; lastKnownFileType = sourcecode.c.objc; name = NoteBook.m; path = Model/NoteBook.m; sourceTree = "<group>"; };
		2E2E6E101CB92BE800FCCEDA /* User+CoreDataProperties.h */ = {isa = PBXFileReference; fileEncoding = 4; lastKnownFileType = sourcecode.c.h; name = "User+CoreDataProperties.h"; path = "Model/User+CoreDataProperties.h"; sourceTree = "<group>"; };
		2E2E6E111CB92BE800FCCEDA /* User+CoreDataProperties.m */ = {isa = PBXFileReference; fileEncoding = 4; lastKnownFileType = sourcecode.c.objc; name = "User+CoreDataProperties.m"; path = "Model/User+CoreDataProperties.m"; sourceTree = "<group>"; };
		2E2E6E121CB92BE800FCCEDA /* User.h */ = {isa = PBXFileReference; fileEncoding = 4; lastKnownFileType = sourcecode.c.h; name = User.h; path = Model/User.h; sourceTree = "<group>"; };
		2E2E6E131CB92BE800FCCEDA /* User.m */ = {isa = PBXFileReference; fileEncoding = 4; lastKnownFileType = sourcecode.c.objc; name = User.m; path = Model/User.m; sourceTree = "<group>"; };
		2E826D991CC1FDE900ACC86E /* DetailBookVIewController.h */ = {isa = PBXFileReference; fileEncoding = 4; lastKnownFileType = sourcecode.c.h; name = DetailBookVIewController.h; path = Controller/DetailBookVIewController.h; sourceTree = "<group>"; };
		2E826D9A1CC1FDE900ACC86E /* DetailBookVIewController.m */ = {isa = PBXFileReference; fileEncoding = 4; lastKnownFileType = sourcecode.c.objc; name = DetailBookVIewController.m; path = Controller/DetailBookVIewController.m; sourceTree = "<group>"; };
		2E9606AD1CB3D44A00B3AA57 /* NoteCell.h */ = {isa = PBXFileReference; fileEncoding = 4; lastKnownFileType = sourcecode.c.h; name = NoteCell.h; path = View/NoteCell.h; sourceTree = "<group>"; };
		2E9606AE1CB3D44A00B3AA57 /* NoteCell.m */ = {isa = PBXFileReference; fileEncoding = 4; lastKnownFileType = sourcecode.c.objc; name = NoteCell.m; path = View/NoteCell.m; sourceTree = "<group>"; };
		2EBCEB341CAF8CCA00A6B24C /* BookViewController.h */ = {isa = PBXFileReference; fileEncoding = 4; lastKnownFileType = sourcecode.c.h; name = BookViewController.h; path = Controller/BookViewController.h; sourceTree = "<group>"; };
		2EBCEB351CAF8CCA00A6B24C /* BookViewController.m */ = {isa = PBXFileReference; fileEncoding = 4; lastKnownFileType = sourcecode.c.objc; name = BookViewController.m; path = Controller/BookViewController.m; sourceTree = "<group>"; };
		2EBCEB371CAF8D9100A6B24C /* SettingViewController.h */ = {isa = PBXFileReference; fileEncoding = 4; lastKnownFileType = sourcecode.c.h; name = SettingViewController.h; path = Controller/SettingViewController.h; sourceTree = "<group>"; };
		2EBCEB381CAF8D9100A6B24C /* SettingViewController.m */ = {isa = PBXFileReference; fileEncoding = 4; lastKnownFileType = sourcecode.c.objc; name = SettingViewController.m; path = Controller/SettingViewController.m; sourceTree = "<group>"; };
		2EBCEB3A1CAF8DA500A6B24C /* UserViewController.h */ = {isa = PBXFileReference; fileEncoding = 4; lastKnownFileType = sourcecode.c.h; name = UserViewController.h; path = Controller/UserViewController.h; sourceTree = "<group>"; };
		2EBCEB3B1CAF8DA500A6B24C /* UserViewController.m */ = {isa = PBXFileReference; fileEncoding = 4; lastKnownFileType = sourcecode.c.objc; name = UserViewController.m; path = Controller/UserViewController.m; sourceTree = "<group>"; };
		2EBCEB3D1CAF8DB100A6B24C /* SearchViewController.h */ = {isa = PBXFileReference; fileEncoding = 4; lastKnownFileType = sourcecode.c.h; name = SearchViewController.h; path = Controller/SearchViewController.h; sourceTree = "<group>"; };
		2EBCEB3E1CAF8DB100A6B24C /* SearchViewController.m */ = {isa = PBXFileReference; fileEncoding = 4; lastKnownFileType = sourcecode.c.objc; name = SearchViewController.m; path = Controller/SearchViewController.m; sourceTree = "<group>"; };
		2EBCEB401CAF93A300A6B24C /* UserInfo.h */ = {isa = PBXFileReference; fileEncoding = 4; lastKnownFileType = sourcecode.c.h; name = UserInfo.h; path = Model/UserInfo.h; sourceTree = "<group>"; };
		2EBCEB411CAF93A300A6B24C /* UserInfo.m */ = {isa = PBXFileReference; fileEncoding = 4; lastKnownFileType = sourcecode.c.objc; name = UserInfo.m; path = Model/UserInfo.m; sourceTree = "<group>"; };
		2EBCEB5F1CB395C400A6B24C /* TableMenu.h */ = {isa = PBXFileReference; fileEncoding = 4; lastKnownFileType = sourcecode.c.h; name = TableMenu.h; path = View/TableMenu.h; sourceTree = "<group>"; };
		2EBCEB601CB395C400A6B24C /* TableMenu.m */ = {isa = PBXFileReference; fileEncoding = 4; lastKnownFileType = sourcecode.c.objc; name = TableMenu.m; path = View/TableMenu.m; sourceTree = "<group>"; };
		414FADC5BA7D868F39EA6EC2 /* Pods.release.xcconfig */ = {isa = PBXFileReference; includeInIndex = 1; lastKnownFileType = text.xcconfig; name = Pods.release.xcconfig; path = "Pods/Target Support Files/Pods/Pods.release.xcconfig"; sourceTree = "<group>"; };
		5BA1290CCBBA0500E3404A7F /* Pods.debug.xcconfig */ = {isa = PBXFileReference; includeInIndex = 1; lastKnownFileType = text.xcconfig; name = Pods.debug.xcconfig; path = "Pods/Target Support Files/Pods/Pods.debug.xcconfig"; sourceTree = "<group>"; };
		BAC3B976E59687E6D40C52EC /* libPods.a */ = {isa = PBXFileReference; explicitFileType = archive.ar; includeInIndex = 0; path = libPods.a; sourceTree = BUILT_PRODUCTS_DIR; };
/* End PBXFileReference section */

/* Begin PBXFrameworksBuildPhase section */
		2E19EF271CACFC4000EFA996 /* Frameworks */ = {
			isa = PBXFrameworksBuildPhase;
			buildActionMask = 2147483647;
			files = (
				C55538856D20A50FDC70D6F2 /* libPods.a in Frameworks */,
			);
			runOnlyForDeploymentPostprocessing = 0;
		};
		2E19EF401CACFC4100EFA996 /* Frameworks */ = {
			isa = PBXFrameworksBuildPhase;
			buildActionMask = 2147483647;
			files = (
			);
			runOnlyForDeploymentPostprocessing = 0;
		};
		2E19EF4B1CACFC4100EFA996 /* Frameworks */ = {
			isa = PBXFrameworksBuildPhase;
			buildActionMask = 2147483647;
			files = (
			);
			runOnlyForDeploymentPostprocessing = 0;
		};
/* End PBXFrameworksBuildPhase section */

/* Begin PBXGroup section */
		2E19EF211CACFC4000EFA996 = {
			isa = PBXGroup;
			children = (
				2E19EF621CACFC7D00EFA996 /* Model */,
				2E19EF611CACFC7100EFA996 /* View */,
				2E19EF601CACFC6800EFA996 /* Controller */,
				2E19EF2C1CACFC4000EFA996 /* HelloNote */,
				2E19EF461CACFC4100EFA996 /* HelloNoteTests */,
				2E19EF511CACFC4100EFA996 /* HelloNoteUITests */,
				2E19EF2B1CACFC4000EFA996 /* Products */,
				C762F9EFFAFA9ED0FBAAC388 /* Pods */,
				4B9CEF51D7481CBAC66F9EEA /* Frameworks */,
			);
			sourceTree = "<group>";
		};
		2E19EF2B1CACFC4000EFA996 /* Products */ = {
			isa = PBXGroup;
			children = (
				2E19EF2A1CACFC4000EFA996 /* HelloNote.app */,
				2E19EF431CACFC4100EFA996 /* HelloNoteTests.xctest */,
				2E19EF4E1CACFC4100EFA996 /* HelloNoteUITests.xctest */,
			);
			name = Products;
			sourceTree = "<group>";
		};
		2E19EF2C1CACFC4000EFA996 /* HelloNote */ = {
			isa = PBXGroup;
			children = (
				2E19EF301CACFC4000EFA996 /* AppDelegate.h */,
				2E19EF311CACFC4000EFA996 /* AppDelegate.m */,
				2E19EF391CACFC4000EFA996 /* Assets.xcassets */,
				2E19EF3B1CACFC4000EFA996 /* LaunchScreen.storyboard */,
				2E19EF3E1CACFC4000EFA996 /* Info.plist */,
				2E19EF2D1CACFC4000EFA996 /* Supporting Files */,
			);
			path = HelloNote;
			sourceTree = "<group>";
		};
		2E19EF2D1CACFC4000EFA996 /* Supporting Files */ = {
			isa = PBXGroup;
			children = (
				2E19EF2E1CACFC4000EFA996 /* main.m */,
			);
			name = "Supporting Files";
			sourceTree = "<group>";
		};
		2E19EF461CACFC4100EFA996 /* HelloNoteTests */ = {
			isa = PBXGroup;
			children = (
				2E19EF471CACFC4100EFA996 /* HelloNoteTests.m */,
				2E19EF491CACFC4100EFA996 /* Info.plist */,
			);
			path = HelloNoteTests;
			sourceTree = "<group>";
		};
		2E19EF511CACFC4100EFA996 /* HelloNoteUITests */ = {
			isa = PBXGroup;
			children = (
				2E19EF521CACFC4100EFA996 /* HelloNoteUITests.m */,
				2E19EF541CACFC4100EFA996 /* Info.plist */,
			);
			path = HelloNoteUITests;
			sourceTree = "<group>";
		};
		2E19EF601CACFC6800EFA996 /* Controller */ = {
			isa = PBXGroup;
			children = (
				2E19EF781CACFDC700EFA996 /* LoginViewController.h */,
				2E19EF791CACFDC700EFA996 /* LoginViewController.m */,
				2E19EF661CACFCDE00EFA996 /* MainViewController.h */,
				2E19EF671CACFCDE00EFA996 /* MainViewController.m */,
				2E19EF7B1CACFEB000EFA996 /* NavigationController.h */,
				2E19EF7C1CACFEB000EFA996 /* NavigationController.m */,
				2E19EF871CAD3CE400EFA996 /* ComposeViewController.h */,
				2E19EF881CAD3CE400EFA996 /* ComposeViewController.m */,
				2EBCEB341CAF8CCA00A6B24C /* BookViewController.h */,
				2EBCEB351CAF8CCA00A6B24C /* BookViewController.m */,
				2EBCEB371CAF8D9100A6B24C /* SettingViewController.h */,
				2EBCEB381CAF8D9100A6B24C /* SettingViewController.m */,
				2EBCEB3A1CAF8DA500A6B24C /* UserViewController.h */,
				2EBCEB3B1CAF8DA500A6B24C /* UserViewController.m */,
				2EBCEB3D1CAF8DB100A6B24C /* SearchViewController.h */,
				2EBCEB3E1CAF8DB100A6B24C /* SearchViewController.m */,
				2E826D991CC1FDE900ACC86E /* DetailBookVIewController.h */,
				2E826D9A1CC1FDE900ACC86E /* DetailBookVIewController.m */,
			);
			name = Controller;
			sourceTree = "<group>";
		};
		2E19EF611CACFC7100EFA996 /* View */ = {
			isa = PBXGroup;
			children = (
				2E19EF721CACFDB300EFA996 /* Menu.h */,
				2E19EF731CACFDB300EFA996 /* Menu.m */,
				2E19EF741CACFDB300EFA996 /* SignView.h */,
				2E19EF751CACFDB300EFA996 /* SignView.m */,
				2E19EF7E1CAD059400EFA996 /* CenterButton.h */,
				2E19EF7F1CAD059400EFA996 /* CenterButton.m */,
				2EBCEB5F1CB395C400A6B24C /* TableMenu.h */,
				2EBCEB601CB395C400A6B24C /* TableMenu.m */,
				2E9606AD1CB3D44A00B3AA57 /* NoteCell.h */,
				2E9606AE1CB3D44A00B3AA57 /* NoteCell.m */,
			);
			name = View;
			sourceTree = "<group>";
		};
		2E19EF621CACFC7D00EFA996 /* Model */ = {
			isa = PBXGroup;
			children = (
				2E2E6DF31CB92B3900FCCEDA /* CoreData */,
				2E19EF811CAD05AC00EFA996 /* NoteManager.h */,
				2E19EF821CAD05AC00EFA996 /* NoteManager.m */,
				2E19EF841CAD05CB00EFA996 /* Note.h */,
				2E19EF851CAD05CB00EFA996 /* Note.m */,
				2EBCEB401CAF93A300A6B24C /* UserInfo.h */,
				2EBCEB411CAF93A300A6B24C /* UserInfo.m */,
			);
			name = Model;
			sourceTree = "<group>";
		};
		2E2E6DF31CB92B3900FCCEDA /* CoreData */ = {
			isa = PBXGroup;
			children = (
				2E2E6E0C1CB92BE800FCCEDA /* NoteBook+CoreDataProperties.h */,
				2E2E6E0D1CB92BE800FCCEDA /* NoteBook+CoreDataProperties.m */,
				2E2E6E0E1CB92BE800FCCEDA /* NoteBook.h */,
				2E2E6E0F1CB92BE800FCCEDA /* NoteBook.m */,
				2E2E6E101CB92BE800FCCEDA /* User+CoreDataProperties.h */,
				2E2E6E111CB92BE800FCCEDA /* User+CoreDataProperties.m */,
				2E2E6E121CB92BE800FCCEDA /* User.h */,
				2E2E6E131CB92BE800FCCEDA /* User.m */,
				2E2E6DED1CB921D600FCCEDA /* CoreDataManager.h */,
				2E2E6DEE1CB921D600FCCEDA /* CoreDataManager.m */,
				2E2E6DF01CB9292300FCCEDA /* Model.xcdatamodeld */,
			);
			name = CoreData;
			sourceTree = "<group>";
		};
		4B9CEF51D7481CBAC66F9EEA /* Frameworks */ = {
			isa = PBXGroup;
			children = (
				BAC3B976E59687E6D40C52EC /* libPods.a */,
			);
			name = Frameworks;
			sourceTree = "<group>";
		};
		C762F9EFFAFA9ED0FBAAC388 /* Pods */ = {
			isa = PBXGroup;
			children = (
				5BA1290CCBBA0500E3404A7F /* Pods.debug.xcconfig */,
				414FADC5BA7D868F39EA6EC2 /* Pods.release.xcconfig */,
			);
			name = Pods;
			sourceTree = "<group>";
		};
/* End PBXGroup section */

/* Begin PBXNativeTarget section */
		2E19EF291CACFC4000EFA996 /* HelloNote */ = {
			isa = PBXNativeTarget;
			buildConfigurationList = 2E19EF571CACFC4100EFA996 /* Build configuration list for PBXNativeTarget "HelloNote" */;
			buildPhases = (
				EA840F728EE348E6D1490042 /* Check Pods Manifest.lock */,
				2E19EF261CACFC4000EFA996 /* Sources */,
				2E19EF271CACFC4000EFA996 /* Frameworks */,
				2E19EF281CACFC4000EFA996 /* Resources */,
				0AD026C782D5E6DAA8648A3C /* Embed Pods Frameworks */,
				50A40F0FACEA7C2D94FB688A /* Copy Pods Resources */,
			);
			buildRules = (
			);
			dependencies = (
			);
			name = HelloNote;
			productName = HelloNote;
			productReference = 2E19EF2A1CACFC4000EFA996 /* HelloNote.app */;
			productType = "com.apple.product-type.application";
		};
		2E19EF421CACFC4100EFA996 /* HelloNoteTests */ = {
			isa = PBXNativeTarget;
			buildConfigurationList = 2E19EF5A1CACFC4100EFA996 /* Build configuration list for PBXNativeTarget "HelloNoteTests" */;
			buildPhases = (
				2E19EF3F1CACFC4100EFA996 /* Sources */,
				2E19EF401CACFC4100EFA996 /* Frameworks */,
				2E19EF411CACFC4100EFA996 /* Resources */,
			);
			buildRules = (
			);
			dependencies = (
				2E19EF451CACFC4100EFA996 /* PBXTargetDependency */,
			);
			name = HelloNoteTests;
			productName = HelloNoteTests;
			productReference = 2E19EF431CACFC4100EFA996 /* HelloNoteTests.xctest */;
			productType = "com.apple.product-type.bundle.unit-test";
		};
		2E19EF4D1CACFC4100EFA996 /* HelloNoteUITests */ = {
			isa = PBXNativeTarget;
			buildConfigurationList = 2E19EF5D1CACFC4100EFA996 /* Build configuration list for PBXNativeTarget "HelloNoteUITests" */;
			buildPhases = (
				2E19EF4A1CACFC4100EFA996 /* Sources */,
				2E19EF4B1CACFC4100EFA996 /* Frameworks */,
				2E19EF4C1CACFC4100EFA996 /* Resources */,
			);
			buildRules = (
			);
			dependencies = (
				2E19EF501CACFC4100EFA996 /* PBXTargetDependency */,
			);
			name = HelloNoteUITests;
			productName = HelloNoteUITests;
			productReference = 2E19EF4E1CACFC4100EFA996 /* HelloNoteUITests.xctest */;
			productType = "com.apple.product-type.bundle.ui-testing";
		};
/* End PBXNativeTarget section */

/* Begin PBXProject section */
		2E19EF221CACFC4000EFA996 /* Project object */ = {
			isa = PBXProject;
			attributes = {
				LastUpgradeCheck = 0730;
				ORGANIZATIONNAME = VicChan;
				TargetAttributes = {
					2E19EF291CACFC4000EFA996 = {
						CreatedOnToolsVersion = 7.3;
						DevelopmentTeam = 23D5PVYLWJ;
					};
					2E19EF421CACFC4100EFA996 = {
						CreatedOnToolsVersion = 7.3;
						DevelopmentTeam = 23D5PVYLWJ;
						TestTargetID = 2E19EF291CACFC4000EFA996;
					};
					2E19EF4D1CACFC4100EFA996 = {
						CreatedOnToolsVersion = 7.3;
						DevelopmentTeam = 23D5PVYLWJ;
						TestTargetID = 2E19EF291CACFC4000EFA996;
					};
				};
			};
			buildConfigurationList = 2E19EF251CACFC4000EFA996 /* Build configuration list for PBXProject "HelloNote" */;
			compatibilityVersion = "Xcode 3.2";
			developmentRegion = English;
			hasScannedForEncodings = 0;
			knownRegions = (
				en,
				Base,
			);
			mainGroup = 2E19EF211CACFC4000EFA996;
			productRefGroup = 2E19EF2B1CACFC4000EFA996 /* Products */;
			projectDirPath = "";
			projectRoot = "";
			targets = (
				2E19EF291CACFC4000EFA996 /* HelloNote */,
				2E19EF421CACFC4100EFA996 /* HelloNoteTests */,
				2E19EF4D1CACFC4100EFA996 /* HelloNoteUITests */,
			);
		};
/* End PBXProject section */

/* Begin PBXResourcesBuildPhase section */
		2E19EF281CACFC4000EFA996 /* Resources */ = {
			isa = PBXResourcesBuildPhase;
			buildActionMask = 2147483647;
			files = (
				2E19EF3D1CACFC4000EFA996 /* LaunchScreen.storyboard in Resources */,
				2E19EF3A1CACFC4000EFA996 /* Assets.xcassets in Resources */,
			);
			runOnlyForDeploymentPostprocessing = 0;
		};
		2E19EF411CACFC4100EFA996 /* Resources */ = {
			isa = PBXResourcesBuildPhase;
			buildActionMask = 2147483647;
			files = (
			);
			runOnlyForDeploymentPostprocessing = 0;
		};
		2E19EF4C1CACFC4100EFA996 /* Resources */ = {
			isa = PBXResourcesBuildPhase;
			buildActionMask = 2147483647;
			files = (
			);
			runOnlyForDeploymentPostprocessing = 0;
		};
/* End PBXResourcesBuildPhase section */

/* Begin PBXShellScriptBuildPhase section */
		0AD026C782D5E6DAA8648A3C /* Embed Pods Frameworks */ = {
			isa = PBXShellScriptBuildPhase;
			buildActionMask = 2147483647;
			files = (
			);
			inputPaths = (
			);
			name = "Embed Pods Frameworks";
			outputPaths = (
			);
			runOnlyForDeploymentPostprocessing = 0;
			shellPath = /bin/sh;
			shellScript = "\"${SRCROOT}/Pods/Target Support Files/Pods/Pods-frameworks.sh\"\n";
			showEnvVarsInLog = 0;
		};
		50A40F0FACEA7C2D94FB688A /* Copy Pods Resources */ = {
			isa = PBXShellScriptBuildPhase;
			buildActionMask = 2147483647;
			files = (
			);
			inputPaths = (
			);
			name = "Copy Pods Resources";
			outputPaths = (
			);
			runOnlyForDeploymentPostprocessing = 0;
			shellPath = /bin/sh;
			shellScript = "\"${SRCROOT}/Pods/Target Support Files/Pods/Pods-resources.sh\"\n";
			showEnvVarsInLog = 0;
		};
		EA840F728EE348E6D1490042 /* Check Pods Manifest.lock */ = {
			isa = PBXShellScriptBuildPhase;
			buildActionMask = 2147483647;
			files = (
			);
			inputPaths = (
			);
			name = "Check Pods Manifest.lock";
			outputPaths = (
			);
			runOnlyForDeploymentPostprocessing = 0;
			shellPath = /bin/sh;
			shellScript = "diff \"${PODS_ROOT}/../Podfile.lock\" \"${PODS_ROOT}/Manifest.lock\" > /dev/null\nif [[ $? != 0 ]] ; then\n    cat << EOM\nerror: The sandbox is not in sync with the Podfile.lock. Run 'pod install' or update your CocoaPods installation.\nEOM\n    exit 1\nfi\n";
			showEnvVarsInLog = 0;
		};
/* End PBXShellScriptBuildPhase section */

/* Begin PBXSourcesBuildPhase section */
		2E19EF261CACFC4000EFA996 /* Sources */ = {
			isa = PBXSourcesBuildPhase;
			buildActionMask = 2147483647;
			files = (
				2E2E6DEF1CB921D600FCCEDA /* CoreDataManager.m in Sources */,
				2EBCEB421CAF93A300A6B24C /* UserInfo.m in Sources */,
				2E19EF321CACFC4000EFA996 /* AppDelegate.m in Sources */,
				2E2E6E161CB92BE800FCCEDA /* User+CoreDataProperties.m in Sources */,
				2E19EF831CAD05AC00EFA996 /* NoteManager.m in Sources */,
				2EBCEB391CAF8D9100A6B24C /* SettingViewController.m in Sources */,
				2E826D9B1CC1FDE900ACC86E /* DetailBookVIewController.m in Sources */,
				2E19EF681CACFCDE00EFA996 /* MainViewController.m in Sources */,
				2E19EF7A1CACFDC700EFA996 /* LoginViewController.m in Sources */,
				2E2E6E171CB92BE800FCCEDA /* User.m in Sources */,
				2E2E6DF21CB9292300FCCEDA /* Model.xcdatamodeld in Sources */,
				2E19EF771CACFDB300EFA996 /* SignView.m in Sources */,
				2E19EF861CAD05CB00EFA996 /* Note.m in Sources */,
				2EBCEB3F1CAF8DB100A6B24C /* SearchViewController.m in Sources */,
				2EBCEB3C1CAF8DA500A6B24C /* UserViewController.m in Sources */,
				2EBCEB611CB395C400A6B24C /* TableMenu.m in Sources */,
				2E19EF761CACFDB300EFA996 /* Menu.m in Sources */,
				2E19EF2F1CACFC4000EFA996 /* main.m in Sources */,
				2E9606B01CB3D44A00B3AA57 /* NoteCell.m in Sources */,
				2E19EF891CAD3CE400EFA996 /* ComposeViewController.m in Sources */,
				2EBCEB361CAF8CCA00A6B24C /* BookViewController.m in Sources */,
				2E19EF801CAD059400EFA996 /* CenterButton.m in Sources */,
				2E2E6E141CB92BE800FCCEDA /* NoteBook+CoreDataProperties.m in Sources */,
				2E2E6E151CB92BE800FCCEDA /* NoteBook.m in Sources */,
				2E19EF7D1CACFEB000EFA996 /* NavigationController.m in Sources */,
			);
			runOnlyForDeploymentPostprocessing = 0;
		};
		2E19EF3F1CACFC4100EFA996 /* Sources */ = {
			isa = PBXSourcesBuildPhase;
			buildActionMask = 2147483647;
			files = (
				2EBCEB321CAF85AA00A6B24C /* CenterButton.m in Sources */,
				2E19EF481CACFC4100EFA996 /* HelloNoteTests.m in Sources */,
				2EBCEB301CAF821D00A6B24C /* MainViewController.m in Sources */,
			);
			runOnlyForDeploymentPostprocessing = 0;
		};
		2E19EF4A1CACFC4100EFA996 /* Sources */ = {
			isa = PBXSourcesBuildPhase;
			buildActionMask = 2147483647;
			files = (
				2EBCEB331CAF85AB00A6B24C /* CenterButton.m in Sources */,
				2E19EF531CACFC4100EFA996 /* HelloNoteUITests.m in Sources */,
				2EBCEB311CAF822B00A6B24C /* MainViewController.m in Sources */,
			);
			runOnlyForDeploymentPostprocessing = 0;
		};
/* End PBXSourcesBuildPhase section */

/* Begin PBXTargetDependency section */
		2E19EF451CACFC4100EFA996 /* PBXTargetDependency */ = {
			isa = PBXTargetDependency;
			target = 2E19EF291CACFC4000EFA996 /* HelloNote */;
			targetProxy = 2E19EF441CACFC4100EFA996 /* PBXContainerItemProxy */;
		};
		2E19EF501CACFC4100EFA996 /* PBXTargetDependency */ = {
			isa = PBXTargetDependency;
			target = 2E19EF291CACFC4000EFA996 /* HelloNote */;
			targetProxy = 2E19EF4F1CACFC4100EFA996 /* PBXContainerItemProxy */;
		};
/* End PBXTargetDependency section */

/* Begin PBXVariantGroup section */
		2E19EF3B1CACFC4000EFA996 /* LaunchScreen.storyboard */ = {
			isa = PBXVariantGroup;
			children = (
				2E19EF3C1CACFC4000EFA996 /* Base */,
			);
			name = LaunchScreen.storyboard;
			sourceTree = "<group>";
		};
/* End PBXVariantGroup section */

/* Begin XCBuildConfiguration section */
		2E19EF551CACFC4100EFA996 /* Debug */ = {
			isa = XCBuildConfiguration;
			buildSettings = {
				ALWAYS_SEARCH_USER_PATHS = NO;
				CLANG_ANALYZER_NONNULL = YES;
				CLANG_CXX_LANGUAGE_STANDARD = "gnu++0x";
				CLANG_CXX_LIBRARY = "libc++";
				CLANG_ENABLE_MODULES = YES;
				CLANG_ENABLE_OBJC_ARC = YES;
				CLANG_WARN_BOOL_CONVERSION = YES;
				CLANG_WARN_CONSTANT_CONVERSION = YES;
				CLANG_WARN_DIRECT_OBJC_ISA_USAGE = YES_ERROR;
				CLANG_WARN_EMPTY_BODY = YES;
				CLANG_WARN_ENUM_CONVERSION = YES;
				CLANG_WARN_INT_CONVERSION = YES;
				CLANG_WARN_OBJC_ROOT_CLASS = YES_ERROR;
				CLANG_WARN_UNREACHABLE_CODE = YES;
				CLANG_WARN__DUPLICATE_METHOD_MATCH = YES;
				"CODE_SIGN_IDENTITY[sdk=iphoneos*]" = "iPhone Developer";
				COPY_PHASE_STRIP = NO;
				DEBUG_INFORMATION_FORMAT = dwarf;
				ENABLE_STRICT_OBJC_MSGSEND = YES;
				ENABLE_TESTABILITY = YES;
				GCC_C_LANGUAGE_STANDARD = gnu99;
				GCC_DYNAMIC_NO_PIC = NO;
				GCC_NO_COMMON_BLOCKS = YES;
				GCC_OPTIMIZATION_LEVEL = 0;
				GCC_PREPROCESSOR_DEFINITIONS = (
					"DEBUG=1",
					"$(inherited)",
				);
				GCC_WARN_64_TO_32_BIT_CONVERSION = YES;
				GCC_WARN_ABOUT_RETURN_TYPE = YES_ERROR;
				GCC_WARN_UNDECLARED_SELECTOR = YES;
				GCC_WARN_UNINITIALIZED_AUTOS = YES_AGGRESSIVE;
				GCC_WARN_UNUSED_FUNCTION = YES;
				GCC_WARN_UNUSED_VARIABLE = YES;
				IPHONEOS_DEPLOYMENT_TARGET = 9.3;
				MTL_ENABLE_DEBUG_INFO = YES;
				ONLY_ACTIVE_ARCH = YES;
				SDKROOT = iphoneos;
				TARGETED_DEVICE_FAMILY = "1,2";
			};
			name = Debug;
		};
		2E19EF561CACFC4100EFA996 /* Release */ = {
			isa = XCBuildConfiguration;
			buildSettings = {
				ALWAYS_SEARCH_USER_PATHS = NO;
				CLANG_ANALYZER_NONNULL = YES;
				CLANG_CXX_LANGUAGE_STANDARD = "gnu++0x";
				CLANG_CXX_LIBRARY = "libc++";
				CLANG_ENABLE_MODULES = YES;
				CLANG_ENABLE_OBJC_ARC = YES;
				CLANG_WARN_BOOL_CONVERSION = YES;
				CLANG_WARN_CONSTANT_CONVERSION = YES;
				CLANG_WARN_DIRECT_OBJC_ISA_USAGE = YES_ERROR;
				CLANG_WARN_EMPTY_BODY = YES;
				CLANG_WARN_ENUM_CONVERSION = YES;
				CLANG_WARN_INT_CONVERSION = YES;
				CLANG_WARN_OBJC_ROOT_CLASS = YES_ERROR;
				CLANG_WARN_UNREACHABLE_CODE = YES;
				CLANG_WARN__DUPLICATE_METHOD_MATCH = YES;
				"CODE_SIGN_IDENTITY[sdk=iphoneos*]" = "iPhone Developer";
				COPY_PHASE_STRIP = NO;
				DEBUG_INFORMATION_FORMAT = "dwarf-with-dsym";
				ENABLE_NS_ASSERTIONS = NO;
				ENABLE_STRICT_OBJC_MSGSEND = YES;
				GCC_C_LANGUAGE_STANDARD = gnu99;
				GCC_NO_COMMON_BLOCKS = YES;
				GCC_WARN_64_TO_32_BIT_CONVERSION = YES;
				GCC_WARN_ABOUT_RETURN_TYPE = YES_ERROR;
				GCC_WARN_UNDECLARED_SELECTOR = YES;
				GCC_WARN_UNINITIALIZED_AUTOS = YES_AGGRESSIVE;
				GCC_WARN_UNUSED_FUNCTION = YES;
				GCC_WARN_UNUSED_VARIABLE = YES;
				IPHONEOS_DEPLOYMENT_TARGET = 9.3;
				MTL_ENABLE_DEBUG_INFO = NO;
				SDKROOT = iphoneos;
				TARGETED_DEVICE_FAMILY = "1,2";
				VALIDATE_PRODUCT = YES;
			};
			name = Release;
		};
		2E19EF581CACFC4100EFA996 /* Debug */ = {
			isa = XCBuildConfiguration;
			baseConfigurationReference = 5BA1290CCBBA0500E3404A7F /* Pods.debug.xcconfig */;
			buildSettings = {
				ASSETCATALOG_COMPILER_APPICON_NAME = AppIcon;
				INFOPLIST_FILE = HelloNote/Info.plist;
				LD_RUNPATH_SEARCH_PATHS = "$(inherited) @executable_path/Frameworks";
				PRODUCT_BUNDLE_IDENTIFIER = Victor.HelloNote;
				PRODUCT_NAME = "$(TARGET_NAME)";
				TARGETED_DEVICE_FAMILY = 1;
			};
			name = Debug;
		};
		2E19EF591CACFC4100EFA996 /* Release */ = {
			isa = XCBuildConfiguration;
			baseConfigurationReference = 414FADC5BA7D868F39EA6EC2 /* Pods.release.xcconfig */;
			buildSettings = {
				ASSETCATALOG_COMPILER_APPICON_NAME = AppIcon;
				INFOPLIST_FILE = HelloNote/Info.plist;
				LD_RUNPATH_SEARCH_PATHS = "$(inherited) @executable_path/Frameworks";
				PRODUCT_BUNDLE_IDENTIFIER = Victor.HelloNote;
				PRODUCT_NAME = "$(TARGET_NAME)";
				TARGETED_DEVICE_FAMILY = 1;
			};
			name = Release;
		};
		2E19EF5B1CACFC4100EFA996 /* Debug */ = {
			isa = XCBuildConfiguration;
			buildSettings = {
				BUNDLE_LOADER = "$(TEST_HOST)";
				INFOPLIST_FILE = HelloNoteTests/Info.plist;
				LD_RUNPATH_SEARCH_PATHS = "$(inherited) @executable_path/Frameworks @loader_path/Frameworks";
				PRODUCT_BUNDLE_IDENTIFIER = Victor.HelloNoteTests;
				PRODUCT_NAME = "$(TARGET_NAME)";
				TEST_HOST = "$(BUILT_PRODUCTS_DIR)/HelloNote.app/HelloNote";
			};
			name = Debug;
		};
		2E19EF5C1CACFC4100EFA996 /* Release */ = {
			isa = XCBuildConfiguration;
			buildSettings = {
				BUNDLE_LOADER = "$(TEST_HOST)";
				INFOPLIST_FILE = HelloNoteTests/Info.plist;
				LD_RUNPATH_SEARCH_PATHS = "$(inherited) @executable_path/Frameworks @loader_path/Frameworks";
				PRODUCT_BUNDLE_IDENTIFIER = Victor.HelloNoteTests;
				PRODUCT_NAME = "$(TARGET_NAME)";
				TEST_HOST = "$(BUILT_PRODUCTS_DIR)/HelloNote.app/HelloNote";
			};
			name = Release;
		};
		2E19EF5E1CACFC4100EFA996 /* Debug */ = {
			isa = XCBuildConfiguration;
			buildSettings = {
				INFOPLIST_FILE = HelloNoteUITests/Info.plist;
				LD_RUNPATH_SEARCH_PATHS = "$(inherited) @executable_path/Frameworks @loader_path/Frameworks";
				PRODUCT_BUNDLE_IDENTIFIER = Victor.HelloNoteUITests;
				PRODUCT_NAME = "$(TARGET_NAME)";
				TEST_TARGET_NAME = HelloNote;
			};
			name = Debug;
		};
		2E19EF5F1CACFC4100EFA996 /* Release */ = {
			isa = XCBuildConfiguration;
			buildSettings = {
				INFOPLIST_FILE = HelloNoteUITests/Info.plist;
				LD_RUNPATH_SEARCH_PATHS = "$(inherited) @executable_path/Frameworks @loader_path/Frameworks";
				PRODUCT_BUNDLE_IDENTIFIER = Victor.HelloNoteUITests;
				PRODUCT_NAME = "$(TARGET_NAME)";
				TEST_TARGET_NAME = HelloNote;
			};
			name = Release;
		};
/* End XCBuildConfiguration section */

/* Begin XCConfigurationList section */
		2E19EF251CACFC4000EFA996 /* Build configuration list for PBXProject "HelloNote" */ = {
			isa = XCConfigurationList;
			buildConfigurations = (
				2E19EF551CACFC4100EFA996 /* Debug */,
				2E19EF561CACFC4100EFA996 /* Release */,
			);
			defaultConfigurationIsVisible = 0;
			defaultConfigurationName = Release;
		};
		2E19EF571CACFC4100EFA996 /* Build configuration list for PBXNativeTarget "HelloNote" */ = {
			isa = XCConfigurationList;
			buildConfigurations = (
				2E19EF581CACFC4100EFA996 /* Debug */,
				2E19EF591CACFC4100EFA996 /* Release */,
			);
			defaultConfigurationIsVisible = 0;
			defaultConfigurationName = Release;
		};
		2E19EF5A1CACFC4100EFA996 /* Build configuration list for PBXNativeTarget "HelloNoteTests" */ = {
			isa = XCConfigurationList;
			buildConfigurations = (
				2E19EF5B1CACFC4100EFA996 /* Debug */,
				2E19EF5C1CACFC4100EFA996 /* Release */,
			);
			defaultConfigurationIsVisible = 0;
			defaultConfigurationName = Release;
		};
		2E19EF5D1CACFC4100EFA996 /* Build configuration list for PBXNativeTarget "HelloNoteUITests" */ = {
			isa = XCConfigurationList;
			buildConfigurations = (
				2E19EF5E1CACFC4100EFA996 /* Debug */,
				2E19EF5F1CACFC4100EFA996 /* Release */,
			);
			defaultConfigurationIsVisible = 0;
			defaultConfigurationName = Release;
		};
/* End XCConfigurationList section */

/* Begin XCVersionGroup section */
		2E2E6DF01CB9292300FCCEDA /* Model.xcdatamodeld */ = {
			isa = XCVersionGroup;
			children = (
				2E2E6DF11CB9292300FCCEDA /* Model.xcdatamodel */,
			);
			currentVersion = 2E2E6DF11CB9292300FCCEDA /* Model.xcdatamodel */;
			name = Model.xcdatamodeld;
			path = Model/Model.xcdatamodeld;
			sourceTree = "<group>";
			versionGroupType = wrapper.xcdatamodel;
		};
/* End XCVersionGroup section */
	};
	rootObject = 2E19EF221CACFC4000EFA996 /* Project object */;
}
